// !$*UTF8*$!
{
	archiveVersion = 1;
	classes = {
	};
	objectVersion = 56;
	objects = {

/* Begin PBXBuildFile section */
		6D3C1D0929AFA5FE0065F1F1 /* CentrePopup_UnlockNewFeatures.swift in Sources */ = {isa = PBXBuildFile; fileRef = 6D3C1D0829AFA5FE0065F1F1 /* CentrePopup_UnlockNewFeatures.swift */; };
		6D3C1D0B29AFA8360065F1F1 /* CentrePopup_MoreFeatures.swift in Sources */ = {isa = PBXBuildFile; fileRef = 6D3C1D0A29AFA8360065F1F1 /* CentrePopup_MoreFeatures.swift */; };
		6D3C1D0E29AFA9EC0065F1F1 /* TopPopup_Alert.swift in Sources */ = {isa = PBXBuildFile; fileRef = 6D3C1D0D29AFA9EC0065F1F1 /* TopPopup_Alert.swift */; };
		6D3C1D1229AFAA140065F1F1 /* TopPopup_Notification.swift in Sources */ = {isa = PBXBuildFile; fileRef = 6D3C1D1129AFAA140065F1F1 /* TopPopup_Notification.swift */; };
		6D4C04B829AECCEA00165FC2 /* Font++.swift in Sources */ = {isa = PBXBuildFile; fileRef = 6D4C04B729AECCEA00165FC2 /* Font++.swift */; };
		6D4C04BA29AECCEF00165FC2 /* Color++.swift in Sources */ = {isa = PBXBuildFile; fileRef = 6D4C04B929AECCEF00165FC2 /* Color++.swift */; };
		6D4C04BC29AED11E00165FC2 /* UIScreen++.swift in Sources */ = {isa = PBXBuildFile; fileRef = 6D4C04BB29AED11E00165FC2 /* UIScreen++.swift */; };
		6D4C04BE29AED61E00165FC2 /* BottomPopup_NoCornerRadius.swift in Sources */ = {isa = PBXBuildFile; fileRef = 6D4C04BD29AED61E00165FC2 /* BottomPopup_NoCornerRadius.swift */; };
		6D4C04C029AED6E400165FC2 /* Spacer++.swift in Sources */ = {isa = PBXBuildFile; fileRef = 6D4C04BF29AED6E400165FC2 /* Spacer++.swift */; };
		6D4C04C229AED7D900165FC2 /* String++.swift in Sources */ = {isa = PBXBuildFile; fileRef = 6D4C04C129AED7D900165FC2 /* String++.swift */; };
		6D4C04C429AEDBEC00165FC2 /* BottomPopup_NoSafeArea.swift in Sources */ = {isa = PBXBuildFile; fileRef = 6D4C04C329AEDBEC00165FC2 /* BottomPopup_NoSafeArea.swift */; };
		6DA1411529AF6C8600A3DC0A /* BottomPopup_Default.swift in Sources */ = {isa = PBXBuildFile; fileRef = 6DA1411429AF6C8600A3DC0A /* BottomPopup_Default.swift */; };
		6DA1411729AF6C9100A3DC0A /* BottomPopup_PrivacyInfo.swift in Sources */ = {isa = PBXBuildFile; fileRef = 6DA1411629AF6C9100A3DC0A /* BottomPopup_PrivacyInfo.swift */; };
		6DA1411929AF6C9B00A3DC0A /* BottomPopup_Document.swift in Sources */ = {isa = PBXBuildFile; fileRef = 6DA1411829AF6C9B00A3DC0A /* BottomPopup_Document.swift */; };
		6DA1411B29AF720C00A3DC0A /* View++.swift in Sources */ = {isa = PBXBuildFile; fileRef = 6DA1411A29AF720C00A3DC0A /* View++.swift */; };
		6DB39ED829B030C30024677D /* Data.swift in Sources */ = {isa = PBXBuildFile; fileRef = 6DB39ED729B030C30024677D /* Data.swift */; };
		6DB39EDA29B030FE0024677D /* Data.Bottom.swift in Sources */ = {isa = PBXBuildFile; fileRef = 6DB39ED929B030FE0024677D /* Data.Bottom.swift */; };
		6DB39EDC29B031070024677D /* Data.Centre.swift in Sources */ = {isa = PBXBuildFile; fileRef = 6DB39EDB29B031070024677D /* Data.Centre.swift */; };
		6DB39EDE29B0310D0024677D /* Data.Top.swift in Sources */ = {isa = PBXBuildFile; fileRef = 6DB39EDD29B0310D0024677D /* Data.Top.swift */; };
		6DB5CD852A233FF400814567 /* CentrePopup_ProvideYourName.swift in Sources */ = {isa = PBXBuildFile; fileRef = 6DB5CD842A233FF400814567 /* CentrePopup_ProvideYourName.swift */; };
		6DC0834C29ACA33E0031481C /* PopupView_Main.swift in Sources */ = {isa = PBXBuildFile; fileRef = 6DC0834B29ACA33E0031481C /* PopupView_Main.swift */; };
		6DC0834E29ACA33E0031481C /* ContentView.swift in Sources */ = {isa = PBXBuildFile; fileRef = 6DC0834D29ACA33E0031481C /* ContentView.swift */; };
		6DC0835029ACA3400031481C /* Assets.xcassets in Resources */ = {isa = PBXBuildFile; fileRef = 6DC0834F29ACA3400031481C /* Assets.xcassets */; };
		6DC0835B29ACA35F0031481C /* PopupView in Frameworks */ = {isa = PBXBuildFile; productRef = 6DC0835A29ACA35F0031481C /* PopupView */; };
		6DC8D34929AEC5D9005FF18C /* BottomPopup_FileAdded.swift in Sources */ = {isa = PBXBuildFile; fileRef = 6DC8D34829AEC5D9005FF18C /* BottomPopup_FileAdded.swift */; };
		6DC8D35D29AEC77E005FF18C /* Inter-Bold.ttf in Resources */ = {isa = PBXBuildFile; fileRef = 6DC8D35429AEC77E005FF18C /* Inter-Bold.ttf */; };
		6DC8D35E29AEC77E005FF18C /* Inter-Regular.ttf in Resources */ = {isa = PBXBuildFile; fileRef = 6DC8D35529AEC77E005FF18C /* Inter-Regular.ttf */; };
		6DC8D36229AEC77E005FF18C /* Inter-SemiBold.ttf in Resources */ = {isa = PBXBuildFile; fileRef = 6DC8D35929AEC77E005FF18C /* Inter-SemiBold.ttf */; };
		6DC8D36F29AEC7A3005FF18C /* Satoshi-Black.otf in Resources */ = {isa = PBXBuildFile; fileRef = 6DC8D36529AEC7A3005FF18C /* Satoshi-Black.otf */; };
		6DC8D37229AEC7A3005FF18C /* Satoshi-Bold.otf in Resources */ = {isa = PBXBuildFile; fileRef = 6DC8D36829AEC7A3005FF18C /* Satoshi-Bold.otf */; };
		6DC8D37529AEC7A3005FF18C /* Satoshi-Regular.otf in Resources */ = {isa = PBXBuildFile; fileRef = 6DC8D36B29AEC7A3005FF18C /* Satoshi-Regular.otf */; };
		6DC8D38529AEC7D7005FF18C /* OpenSans-Regular.ttf in Resources */ = {isa = PBXBuildFile; fileRef = 6DC8D37B29AEC7D7005FF18C /* OpenSans-Regular.ttf */; };
		6DC8D38929AEC7D7005FF18C /* OpenSans-Bold.ttf in Resources */ = {isa = PBXBuildFile; fileRef = 6DC8D37F29AEC7D7005FF18C /* OpenSans-Bold.ttf */; };
		6DC8D39229AEC7F4005FF18C /* SpaceGrotesk-Bold.ttf in Resources */ = {isa = PBXBuildFile; fileRef = 6DC8D38D29AEC7F4005FF18C /* SpaceGrotesk-Bold.ttf */; };
/* End PBXBuildFile section */

/* Begin PBXFileReference section */
		6D3C1D0829AFA5FE0065F1F1 /* CentrePopup_UnlockNewFeatures.swift */ = {isa = PBXFileReference; lastKnownFileType = sourcecode.swift; path = CentrePopup_UnlockNewFeatures.swift; sourceTree = "<group>"; };
		6D3C1D0A29AFA8360065F1F1 /* CentrePopup_MoreFeatures.swift */ = {isa = PBXFileReference; lastKnownFileType = sourcecode.swift; path = CentrePopup_MoreFeatures.swift; sourceTree = "<group>"; };
		6D3C1D0D29AFA9EC0065F1F1 /* TopPopup_Alert.swift */ = {isa = PBXFileReference; lastKnownFileType = sourcecode.swift; path = TopPopup_Alert.swift; sourceTree = "<group>"; };
		6D3C1D1129AFAA140065F1F1 /* TopPopup_Notification.swift */ = {isa = PBXFileReference; lastKnownFileType = sourcecode.swift; path = TopPopup_Notification.swift; sourceTree = "<group>"; };
		6D3FD2732A1ADAA8005EF486 /* PopupView */ = {isa = PBXFileReference; lastKnownFileType = wrapper; name = PopupView; path = ../PopupView; sourceTree = "<group>"; };
		6D4C04B729AECCEA00165FC2 /* Font++.swift */ = {isa = PBXFileReference; lastKnownFileType = sourcecode.swift; path = "Font++.swift"; sourceTree = "<group>"; };
		6D4C04B929AECCEF00165FC2 /* Color++.swift */ = {isa = PBXFileReference; lastKnownFileType = sourcecode.swift; path = "Color++.swift"; sourceTree = "<group>"; };
		6D4C04BB29AED11E00165FC2 /* UIScreen++.swift */ = {isa = PBXFileReference; lastKnownFileType = sourcecode.swift; path = "UIScreen++.swift"; sourceTree = "<group>"; };
		6D4C04BD29AED61E00165FC2 /* BottomPopup_NoCornerRadius.swift */ = {isa = PBXFileReference; lastKnownFileType = sourcecode.swift; path = BottomPopup_NoCornerRadius.swift; sourceTree = "<group>"; };
		6D4C04BF29AED6E400165FC2 /* Spacer++.swift */ = {isa = PBXFileReference; lastKnownFileType = sourcecode.swift; path = "Spacer++.swift"; sourceTree = "<group>"; };
		6D4C04C129AED7D900165FC2 /* String++.swift */ = {isa = PBXFileReference; lastKnownFileType = sourcecode.swift; path = "String++.swift"; sourceTree = "<group>"; };
		6D4C04C329AEDBEC00165FC2 /* BottomPopup_NoSafeArea.swift */ = {isa = PBXFileReference; lastKnownFileType = sourcecode.swift; path = BottomPopup_NoSafeArea.swift; sourceTree = "<group>"; };
		6DA1411429AF6C8600A3DC0A /* BottomPopup_Default.swift */ = {isa = PBXFileReference; lastKnownFileType = sourcecode.swift; path = BottomPopup_Default.swift; sourceTree = "<group>"; };
		6DA1411629AF6C9100A3DC0A /* BottomPopup_PrivacyInfo.swift */ = {isa = PBXFileReference; lastKnownFileType = sourcecode.swift; path = BottomPopup_PrivacyInfo.swift; sourceTree = "<group>"; };
		6DA1411829AF6C9B00A3DC0A /* BottomPopup_Document.swift */ = {isa = PBXFileReference; lastKnownFileType = sourcecode.swift; path = BottomPopup_Document.swift; sourceTree = "<group>"; };
		6DA1411A29AF720C00A3DC0A /* View++.swift */ = {isa = PBXFileReference; lastKnownFileType = sourcecode.swift; path = "View++.swift"; sourceTree = "<group>"; };
		6DB39ED729B030C30024677D /* Data.swift */ = {isa = PBXFileReference; lastKnownFileType = sourcecode.swift; path = Data.swift; sourceTree = "<group>"; };
		6DB39ED929B030FE0024677D /* Data.Bottom.swift */ = {isa = PBXFileReference; lastKnownFileType = sourcecode.swift; path = Data.Bottom.swift; sourceTree = "<group>"; };
		6DB39EDB29B031070024677D /* Data.Centre.swift */ = {isa = PBXFileReference; lastKnownFileType = sourcecode.swift; path = Data.Centre.swift; sourceTree = "<group>"; };
		6DB39EDD29B0310D0024677D /* Data.Top.swift */ = {isa = PBXFileReference; lastKnownFileType = sourcecode.swift; path = Data.Top.swift; sourceTree = "<group>"; };
		6DB5CD842A233FF400814567 /* CentrePopup_ProvideYourName.swift */ = {isa = PBXFileReference; lastKnownFileType = sourcecode.swift; name = CentrePopup_ProvideYourName.swift; path = "PopupView-Example/Views/CentrePopup_ProvideYourName.swift"; sourceTree = SOURCE_ROOT; };
		6DC0834829ACA33E0031481C /* PopupView-Example.app */ = {isa = PBXFileReference; explicitFileType = wrapper.application; includeInIndex = 0; path = "PopupView-Example.app"; sourceTree = BUILT_PRODUCTS_DIR; };
		6DC0834B29ACA33E0031481C /* PopupView_Main.swift */ = {isa = PBXFileReference; lastKnownFileType = sourcecode.swift; path = PopupView_Main.swift; sourceTree = "<group>"; };
		6DC0834D29ACA33E0031481C /* ContentView.swift */ = {isa = PBXFileReference; lastKnownFileType = sourcecode.swift; path = ContentView.swift; sourceTree = "<group>"; };
		6DC0834F29ACA3400031481C /* Assets.xcassets */ = {isa = PBXFileReference; lastKnownFileType = folder.assetcatalog; path = Assets.xcassets; sourceTree = "<group>"; };
		6DC8D34829AEC5D9005FF18C /* BottomPopup_FileAdded.swift */ = {isa = PBXFileReference; lastKnownFileType = sourcecode.swift; path = BottomPopup_FileAdded.swift; sourceTree = "<group>"; };
		6DC8D35429AEC77E005FF18C /* Inter-Bold.ttf */ = {isa = PBXFileReference; lastKnownFileType = file; path = "Inter-Bold.ttf"; sourceTree = "<group>"; };
		6DC8D35529AEC77E005FF18C /* Inter-Regular.ttf */ = {isa = PBXFileReference; lastKnownFileType = file; path = "Inter-Regular.ttf"; sourceTree = "<group>"; };
		6DC8D35929AEC77E005FF18C /* Inter-SemiBold.ttf */ = {isa = PBXFileReference; lastKnownFileType = file; path = "Inter-SemiBold.ttf"; sourceTree = "<group>"; };
		6DC8D36529AEC7A3005FF18C /* Satoshi-Black.otf */ = {isa = PBXFileReference; lastKnownFileType = file; path = "Satoshi-Black.otf"; sourceTree = "<group>"; };
		6DC8D36829AEC7A3005FF18C /* Satoshi-Bold.otf */ = {isa = PBXFileReference; lastKnownFileType = file; path = "Satoshi-Bold.otf"; sourceTree = "<group>"; };
		6DC8D36B29AEC7A3005FF18C /* Satoshi-Regular.otf */ = {isa = PBXFileReference; lastKnownFileType = file; path = "Satoshi-Regular.otf"; sourceTree = "<group>"; };
		6DC8D37B29AEC7D7005FF18C /* OpenSans-Regular.ttf */ = {isa = PBXFileReference; lastKnownFileType = file; path = "OpenSans-Regular.ttf"; sourceTree = "<group>"; };
		6DC8D37F29AEC7D7005FF18C /* OpenSans-Bold.ttf */ = {isa = PBXFileReference; lastKnownFileType = file; path = "OpenSans-Bold.ttf"; sourceTree = "<group>"; };
		6DC8D38D29AEC7F4005FF18C /* SpaceGrotesk-Bold.ttf */ = {isa = PBXFileReference; lastKnownFileType = file; path = "SpaceGrotesk-Bold.ttf"; sourceTree = "<group>"; };
		6DC8D39729AEC80E005FF18C /* Info.plist */ = {isa = PBXFileReference; lastKnownFileType = text.plist.xml; path = Info.plist; sourceTree = "<group>"; };
/* End PBXFileReference section */

/* Begin PBXFrameworksBuildPhase section */
		6DC0834529ACA33E0031481C /* Frameworks */ = {
			isa = PBXFrameworksBuildPhase;
			buildActionMask = 2147483647;
			files = (
				6DC0835B29ACA35F0031481C /* PopupView in Frameworks */,
			);
			runOnlyForDeploymentPostprocessing = 0;
		};
/* End PBXFrameworksBuildPhase section */

/* Begin PBXGroup section */
		6D3C1D0729AFA5F00065F1F1 /* Centre */ = {
			isa = PBXGroup;
			children = (
				6D3C1D0829AFA5FE0065F1F1 /* CentrePopup_UnlockNewFeatures.swift */,
				6D3C1D0A29AFA8360065F1F1 /* CentrePopup_MoreFeatures.swift */,
				6DB5CD842A233FF400814567 /* CentrePopup_ProvideYourName.swift */,
			);
			path = Centre;
			sourceTree = "<group>";
		};
		6D3C1D0C29AFA9D10065F1F1 /* Top */ = {
			isa = PBXGroup;
			children = (
				6D3C1D0D29AFA9EC0065F1F1 /* TopPopup_Alert.swift */,
				6D3C1D1129AFAA140065F1F1 /* TopPopup_Notification.swift */,
			);
			path = Top;
			sourceTree = "<group>";
		};
		6D4C04B629AECCD000165FC2 /* Extensions */ = {
			isa = PBXGroup;
			children = (
				6D4C04B729AECCEA00165FC2 /* Font++.swift */,
				6D4C04B929AECCEF00165FC2 /* Color++.swift */,
				6D4C04BB29AED11E00165FC2 /* UIScreen++.swift */,
				6D4C04BF29AED6E400165FC2 /* Spacer++.swift */,
				6D4C04C129AED7D900165FC2 /* String++.swift */,
				6DA1411A29AF720C00A3DC0A /* View++.swift */,
			);
			path = Extensions;
			sourceTree = "<group>";
		};
		6DADDF9029ADEF7E0094E9D1 /* Views */ = {
			isa = PBXGroup;
			children = (
				6DC0834D29ACA33E0031481C /* ContentView.swift */,
				6DC8D34429AEC596005FF18C /* Popups */,
			);
			path = Views;
			sourceTree = "<group>";
		};
		6DB39ED629B030B40024677D /* Mock Data */ = {
			isa = PBXGroup;
			children = (
				6DB39ED729B030C30024677D /* Data.swift */,
				6DB39ED929B030FE0024677D /* Data.Bottom.swift */,
				6DB39EDB29B031070024677D /* Data.Centre.swift */,
				6DB39EDD29B0310D0024677D /* Data.Top.swift */,
			);
			path = "Mock Data";
			sourceTree = "<group>";
		};
		6DC0833F29ACA33E0031481C = {
			isa = PBXGroup;
			children = (
				6DC0834A29ACA33E0031481C /* PopupView-Example */,
				6D3FD2732A1ADAA8005EF486 /* PopupView */,
				6DC0834929ACA33E0031481C /* Products */,
			);
			sourceTree = "<group>";
		};
		6DC0834929ACA33E0031481C /* Products */ = {
			isa = PBXGroup;
			children = (
				6DC0834829ACA33E0031481C /* PopupView-Example.app */,
			);
			name = Products;
			sourceTree = "<group>";
		};
		6DC0834A29ACA33E0031481C /* PopupView-Example */ = {
			isa = PBXGroup;
			children = (
				6DC0834B29ACA33E0031481C /* PopupView_Main.swift */,
				6DADDF9029ADEF7E0094E9D1 /* Views */,
				6DB39ED629B030B40024677D /* Mock Data */,
				6D4C04B629AECCD000165FC2 /* Extensions */,
				6DC8D34A29AEC648005FF18C /* Assets */,
			);
			path = "PopupView-Example";
			sourceTree = "<group>";
		};
		6DC8D34429AEC596005FF18C /* Popups */ = {
			isa = PBXGroup;
			children = (
				6D3C1D0C29AFA9D10065F1F1 /* Top */,
				6D3C1D0729AFA5F00065F1F1 /* Centre */,
				6DC8D34729AEC5A8005FF18C /* Bottom */,
			);
			path = Popups;
			sourceTree = "<group>";
		};
		6DC8D34729AEC5A8005FF18C /* Bottom */ = {
			isa = PBXGroup;
			children = (
				6DC8D34829AEC5D9005FF18C /* BottomPopup_FileAdded.swift */,
				6D4C04BD29AED61E00165FC2 /* BottomPopup_NoCornerRadius.swift */,
				6D4C04C329AEDBEC00165FC2 /* BottomPopup_NoSafeArea.swift */,
				6DA1411429AF6C8600A3DC0A /* BottomPopup_Default.swift */,
				6DA1411629AF6C9100A3DC0A /* BottomPopup_PrivacyInfo.swift */,
				6DA1411829AF6C9B00A3DC0A /* BottomPopup_Document.swift */,
			);
			path = Bottom;
			sourceTree = "<group>";
		};
		6DC8D34A29AEC648005FF18C /* Assets */ = {
			isa = PBXGroup;
			children = (
				6DC0834F29ACA3400031481C /* Assets.xcassets */,
				6DC8D34B29AEC65B005FF18C /* Fonts */,
				6DC8D39729AEC80E005FF18C /* Info.plist */,
			);
			path = Assets;
			sourceTree = "<group>";
		};
		6DC8D34B29AEC65B005FF18C /* Fonts */ = {
			isa = PBXGroup;
			children = (
				6DC8D34F29AEC6C4005FF18C /* Inter */,
				6DC8D34E29AEC6AB005FF18C /* Satoshi */,
				6DC8D34D29AEC6A2005FF18C /* Open Sans */,
				6DC8D34C29AEC699005FF18C /* Space Grotesk */,
			);
			path = Fonts;
			sourceTree = "<group>";
		};
		6DC8D34C29AEC699005FF18C /* Space Grotesk */ = {
			isa = PBXGroup;
			children = (
				6DC8D38D29AEC7F4005FF18C /* SpaceGrotesk-Bold.ttf */,
			);
			path = "Space Grotesk";
			sourceTree = "<group>";
		};
		6DC8D34D29AEC6A2005FF18C /* Open Sans */ = {
			isa = PBXGroup;
			children = (
				6DC8D37F29AEC7D7005FF18C /* OpenSans-Bold.ttf */,
				6DC8D37B29AEC7D7005FF18C /* OpenSans-Regular.ttf */,
			);
			path = "Open Sans";
			sourceTree = "<group>";
		};
		6DC8D34E29AEC6AB005FF18C /* Satoshi */ = {
			isa = PBXGroup;
			children = (
				6DC8D36529AEC7A3005FF18C /* Satoshi-Black.otf */,
				6DC8D36829AEC7A3005FF18C /* Satoshi-Bold.otf */,
				6DC8D36B29AEC7A3005FF18C /* Satoshi-Regular.otf */,
			);
			path = Satoshi;
			sourceTree = "<group>";
		};
		6DC8D34F29AEC6C4005FF18C /* Inter */ = {
			isa = PBXGroup;
			children = (
				6DC8D35429AEC77E005FF18C /* Inter-Bold.ttf */,
				6DC8D35929AEC77E005FF18C /* Inter-SemiBold.ttf */,
				6DC8D35529AEC77E005FF18C /* Inter-Regular.ttf */,
			);
			path = Inter;
			sourceTree = "<group>";
		};
/* End PBXGroup section */

/* Begin PBXNativeTarget section */
		6DC0834729ACA33E0031481C /* PopupView-Example */ = {
			isa = PBXNativeTarget;
			buildConfigurationList = 6DC0835629ACA3400031481C /* Build configuration list for PBXNativeTarget "PopupView-Example" */;
			buildPhases = (
				6DC0834429ACA33E0031481C /* Sources */,
				6DC0834529ACA33E0031481C /* Frameworks */,
				6DC0834629ACA33E0031481C /* Resources */,
			);
			buildRules = (
			);
			dependencies = (
			);
			name = "PopupView-Example";
			packageProductDependencies = (
				6DC0835A29ACA35F0031481C /* PopupView */,
			);
			productName = "PopupView-Example";
			productReference = 6DC0834829ACA33E0031481C /* PopupView-Example.app */;
			productType = "com.apple.product-type.application";
		};
/* End PBXNativeTarget section */

/* Begin PBXProject section */
		6DC0834029ACA33E0031481C /* Project object */ = {
			isa = PBXProject;
			attributes = {
				BuildIndependentTargetsInParallel = 1;
				LastSwiftUpdateCheck = 1420;
				LastUpgradeCheck = 1420;
				TargetAttributes = {
					6DC0834729ACA33E0031481C = {
						CreatedOnToolsVersion = 14.2;
					};
				};
			};
			buildConfigurationList = 6DC0834329ACA33E0031481C /* Build configuration list for PBXProject "PopupView-Example" */;
			compatibilityVersion = "Xcode 14.0";
			developmentRegion = en;
			hasScannedForEncodings = 0;
			knownRegions = (
				en,
				Base,
			);
			mainGroup = 6DC0833F29ACA33E0031481C;
			packageReferences = (
				6DC0835929ACA35F0031481C /* XCRemoteSwiftPackageReference "PopupView" */,
			);
			productRefGroup = 6DC0834929ACA33E0031481C /* Products */;
			projectDirPath = "";
			projectRoot = "";
			targets = (
				6DC0834729ACA33E0031481C /* PopupView-Example */,
			);
		};
/* End PBXProject section */

/* Begin PBXResourcesBuildPhase section */
		6DC0834629ACA33E0031481C /* Resources */ = {
			isa = PBXResourcesBuildPhase;
			buildActionMask = 2147483647;
			files = (
				6DC0835029ACA3400031481C /* Assets.xcassets in Resources */,
				6DC8D36F29AEC7A3005FF18C /* Satoshi-Black.otf in Resources */,
				6DC8D35E29AEC77E005FF18C /* Inter-Regular.ttf in Resources */,
				6DC8D39229AEC7F4005FF18C /* SpaceGrotesk-Bold.ttf in Resources */,
				6DC8D37229AEC7A3005FF18C /* Satoshi-Bold.otf in Resources */,
				6DC8D36229AEC77E005FF18C /* Inter-SemiBold.ttf in Resources */,
				6DC8D37529AEC7A3005FF18C /* Satoshi-Regular.otf in Resources */,
				6DC8D35D29AEC77E005FF18C /* Inter-Bold.ttf in Resources */,
				6DC8D38929AEC7D7005FF18C /* OpenSans-Bold.ttf in Resources */,
				6DC8D38529AEC7D7005FF18C /* OpenSans-Regular.ttf in Resources */,
			);
			runOnlyForDeploymentPostprocessing = 0;
		};
/* End PBXResourcesBuildPhase section */

/* Begin PBXSourcesBuildPhase section */
		6DC0834429ACA33E0031481C /* Sources */ = {
			isa = PBXSourcesBuildPhase;
			buildActionMask = 2147483647;
			files = (
				6D3C1D0E29AFA9EC0065F1F1 /* TopPopup_Alert.swift in Sources */,
				6D4C04B829AECCEA00165FC2 /* Font++.swift in Sources */,
				6D4C04BC29AED11E00165FC2 /* UIScreen++.swift in Sources */,
				6D4C04C429AEDBEC00165FC2 /* BottomPopup_NoSafeArea.swift in Sources */,
				6DA1411B29AF720C00A3DC0A /* View++.swift in Sources */,
				6DB39EDA29B030FE0024677D /* Data.Bottom.swift in Sources */,
				6DB39EDE29B0310D0024677D /* Data.Top.swift in Sources */,
				6DC0834E29ACA33E0031481C /* ContentView.swift in Sources */,
				6D4C04C229AED7D900165FC2 /* String++.swift in Sources */,
				6DB5CD852A233FF400814567 /* CentrePopup_ProvideYourName.swift in Sources */,
				6D3C1D1229AFAA140065F1F1 /* TopPopup_Notification.swift in Sources */,
				6DB39ED829B030C30024677D /* Data.swift in Sources */,
				6D3C1D0929AFA5FE0065F1F1 /* CentrePopup_UnlockNewFeatures.swift in Sources */,
				6DB39EDC29B031070024677D /* Data.Centre.swift in Sources */,
				6DC0834C29ACA33E0031481C /* PopupView_Main.swift in Sources */,
				6D4C04BE29AED61E00165FC2 /* BottomPopup_NoCornerRadius.swift in Sources */,
				6DA1411929AF6C9B00A3DC0A /* BottomPopup_Document.swift in Sources */,
				6D4C04C029AED6E400165FC2 /* Spacer++.swift in Sources */,
				6DC8D34929AEC5D9005FF18C /* BottomPopup_FileAdded.swift in Sources */,
				6DA1411529AF6C8600A3DC0A /* BottomPopup_Default.swift in Sources */,
				6DA1411729AF6C9100A3DC0A /* BottomPopup_PrivacyInfo.swift in Sources */,
				6D4C04BA29AECCEF00165FC2 /* Color++.swift in Sources */,
				6D3C1D0B29AFA8360065F1F1 /* CentrePopup_MoreFeatures.swift in Sources */,
			);
			runOnlyForDeploymentPostprocessing = 0;
		};
/* End PBXSourcesBuildPhase section */

/* Begin XCBuildConfiguration section */
		6DC0835429ACA3400031481C /* Debug */ = {
			isa = XCBuildConfiguration;
			buildSettings = {
				ALWAYS_SEARCH_USER_PATHS = NO;
				CLANG_ANALYZER_NONNULL = YES;
				CLANG_ANALYZER_NUMBER_OBJECT_CONVERSION = YES_AGGRESSIVE;
				CLANG_CXX_LANGUAGE_STANDARD = "gnu++20";
				CLANG_ENABLE_MODULES = YES;
				CLANG_ENABLE_OBJC_ARC = YES;
				CLANG_ENABLE_OBJC_WEAK = YES;
				CLANG_WARN_BLOCK_CAPTURE_AUTORELEASING = YES;
				CLANG_WARN_BOOL_CONVERSION = YES;
				CLANG_WARN_COMMA = YES;
				CLANG_WARN_CONSTANT_CONVERSION = YES;
				CLANG_WARN_DEPRECATED_OBJC_IMPLEMENTATIONS = YES;
				CLANG_WARN_DIRECT_OBJC_ISA_USAGE = YES_ERROR;
				CLANG_WARN_DOCUMENTATION_COMMENTS = YES;
				CLANG_WARN_EMPTY_BODY = YES;
				CLANG_WARN_ENUM_CONVERSION = YES;
				CLANG_WARN_INFINITE_RECURSION = YES;
				CLANG_WARN_INT_CONVERSION = YES;
				CLANG_WARN_NON_LITERAL_NULL_CONVERSION = YES;
				CLANG_WARN_OBJC_IMPLICIT_RETAIN_SELF = YES;
				CLANG_WARN_OBJC_LITERAL_CONVERSION = YES;
				CLANG_WARN_OBJC_ROOT_CLASS = YES_ERROR;
				CLANG_WARN_QUOTED_INCLUDE_IN_FRAMEWORK_HEADER = YES;
				CLANG_WARN_RANGE_LOOP_ANALYSIS = YES;
				CLANG_WARN_STRICT_PROTOTYPES = YES;
				CLANG_WARN_SUSPICIOUS_MOVE = YES;
				CLANG_WARN_UNGUARDED_AVAILABILITY = YES_AGGRESSIVE;
				CLANG_WARN_UNREACHABLE_CODE = YES;
				CLANG_WARN__DUPLICATE_METHOD_MATCH = YES;
				COPY_PHASE_STRIP = NO;
				DEBUG_INFORMATION_FORMAT = dwarf;
				ENABLE_STRICT_OBJC_MSGSEND = YES;
				ENABLE_TESTABILITY = YES;
				GCC_C_LANGUAGE_STANDARD = gnu11;
				GCC_DYNAMIC_NO_PIC = NO;
				GCC_NO_COMMON_BLOCKS = YES;
				GCC_OPTIMIZATION_LEVEL = 0;
				GCC_PREPROCESSOR_DEFINITIONS = (
					"DEBUG=1",
					"$(inherited)",
				);
				GCC_WARN_64_TO_32_BIT_CONVERSION = YES;
				GCC_WARN_ABOUT_RETURN_TYPE = YES_ERROR;
				GCC_WARN_UNDECLARED_SELECTOR = YES;
				GCC_WARN_UNINITIALIZED_AUTOS = YES_AGGRESSIVE;
				GCC_WARN_UNUSED_FUNCTION = YES;
				GCC_WARN_UNUSED_VARIABLE = YES;
				IPHONEOS_DEPLOYMENT_TARGET = 16.2;
				MTL_ENABLE_DEBUG_INFO = INCLUDE_SOURCE;
				MTL_FAST_MATH = YES;
				ONLY_ACTIVE_ARCH = YES;
				SDKROOT = iphoneos;
				SWIFT_ACTIVE_COMPILATION_CONDITIONS = DEBUG;
				SWIFT_OPTIMIZATION_LEVEL = "-Onone";
			};
			name = Debug;
		};
		6DC0835529ACA3400031481C /* Release */ = {
			isa = XCBuildConfiguration;
			buildSettings = {
				ALWAYS_SEARCH_USER_PATHS = NO;
				CLANG_ANALYZER_NONNULL = YES;
				CLANG_ANALYZER_NUMBER_OBJECT_CONVERSION = YES_AGGRESSIVE;
				CLANG_CXX_LANGUAGE_STANDARD = "gnu++20";
				CLANG_ENABLE_MODULES = YES;
				CLANG_ENABLE_OBJC_ARC = YES;
				CLANG_ENABLE_OBJC_WEAK = YES;
				CLANG_WARN_BLOCK_CAPTURE_AUTORELEASING = YES;
				CLANG_WARN_BOOL_CONVERSION = YES;
				CLANG_WARN_COMMA = YES;
				CLANG_WARN_CONSTANT_CONVERSION = YES;
				CLANG_WARN_DEPRECATED_OBJC_IMPLEMENTATIONS = YES;
				CLANG_WARN_DIRECT_OBJC_ISA_USAGE = YES_ERROR;
				CLANG_WARN_DOCUMENTATION_COMMENTS = YES;
				CLANG_WARN_EMPTY_BODY = YES;
				CLANG_WARN_ENUM_CONVERSION = YES;
				CLANG_WARN_INFINITE_RECURSION = YES;
				CLANG_WARN_INT_CONVERSION = YES;
				CLANG_WARN_NON_LITERAL_NULL_CONVERSION = YES;
				CLANG_WARN_OBJC_IMPLICIT_RETAIN_SELF = YES;
				CLANG_WARN_OBJC_LITERAL_CONVERSION = YES;
				CLANG_WARN_OBJC_ROOT_CLASS = YES_ERROR;
				CLANG_WARN_QUOTED_INCLUDE_IN_FRAMEWORK_HEADER = YES;
				CLANG_WARN_RANGE_LOOP_ANALYSIS = YES;
				CLANG_WARN_STRICT_PROTOTYPES = YES;
				CLANG_WARN_SUSPICIOUS_MOVE = YES;
				CLANG_WARN_UNGUARDED_AVAILABILITY = YES_AGGRESSIVE;
				CLANG_WARN_UNREACHABLE_CODE = YES;
				CLANG_WARN__DUPLICATE_METHOD_MATCH = YES;
				COPY_PHASE_STRIP = NO;
				DEBUG_INFORMATION_FORMAT = "dwarf-with-dsym";
				ENABLE_NS_ASSERTIONS = NO;
				ENABLE_STRICT_OBJC_MSGSEND = YES;
				GCC_C_LANGUAGE_STANDARD = gnu11;
				GCC_NO_COMMON_BLOCKS = YES;
				GCC_WARN_64_TO_32_BIT_CONVERSION = YES;
				GCC_WARN_ABOUT_RETURN_TYPE = YES_ERROR;
				GCC_WARN_UNDECLARED_SELECTOR = YES;
				GCC_WARN_UNINITIALIZED_AUTOS = YES_AGGRESSIVE;
				GCC_WARN_UNUSED_FUNCTION = YES;
				GCC_WARN_UNUSED_VARIABLE = YES;
				IPHONEOS_DEPLOYMENT_TARGET = 16.2;
				MTL_ENABLE_DEBUG_INFO = NO;
				MTL_FAST_MATH = YES;
				SDKROOT = iphoneos;
				SWIFT_COMPILATION_MODE = wholemodule;
				SWIFT_OPTIMIZATION_LEVEL = "-O";
				VALIDATE_PRODUCT = YES;
			};
			name = Release;
		};
		6DC0835729ACA3400031481C /* Debug */ = {
			isa = XCBuildConfiguration;
			buildSettings = {
				ASSETCATALOG_COMPILER_APPICON_NAME = AppIcon;
				CODE_SIGN_STYLE = Automatic;
				CURRENT_PROJECT_VERSION = 1;
				DEVELOPMENT_TEAM = 78L5993673;
				ENABLE_PREVIEWS = YES;
				GENERATE_INFOPLIST_FILE = YES;
				INFOPLIST_FILE = "PopupView-Example/Assets/Info.plist";
				INFOPLIST_KEY_UIApplicationSceneManifest_Generation = YES;
				INFOPLIST_KEY_UIApplicationSupportsIndirectInputEvents = YES;
				INFOPLIST_KEY_UILaunchScreen_Generation = YES;
				INFOPLIST_KEY_UISupportedInterfaceOrientations = UIInterfaceOrientationPortrait;
				INFOPLIST_KEY_UISupportedInterfaceOrientations_iPad = "UIInterfaceOrientationLandscapeLeft UIInterfaceOrientationLandscapeRight UIInterfaceOrientationPortrait UIInterfaceOrientationPortraitUpsideDown";
				LD_RUNPATH_SEARCH_PATHS = (
					"$(inherited)",
					"@executable_path/Frameworks",
				);
				MARKETING_VERSION = 1.0;
				PRODUCT_BUNDLE_IDENTIFIER = "com.mijick.PopupView-Example";
				PRODUCT_NAME = "$(TARGET_NAME)";
				SUPPORTED_PLATFORMS = "iphoneos iphonesimulator";
				SUPPORTS_MACCATALYST = NO;
				SUPPORTS_MAC_DESIGNED_FOR_IPHONE_IPAD = NO;
				SWIFT_EMIT_LOC_STRINGS = YES;
				SWIFT_VERSION = 5.0;
				TARGETED_DEVICE_FAMILY = 1;
			};
			name = Debug;
		};
		6DC0835829ACA3400031481C /* Release */ = {
			isa = XCBuildConfiguration;
			buildSettings = {
				ASSETCATALOG_COMPILER_APPICON_NAME = AppIcon;
				CODE_SIGN_STYLE = Automatic;
				CURRENT_PROJECT_VERSION = 1;
				DEVELOPMENT_TEAM = 78L5993673;
				ENABLE_PREVIEWS = YES;
				GENERATE_INFOPLIST_FILE = YES;
				INFOPLIST_FILE = "PopupView-Example/Assets/Info.plist";
				INFOPLIST_KEY_UIApplicationSceneManifest_Generation = YES;
				INFOPLIST_KEY_UIApplicationSupportsIndirectInputEvents = YES;
				INFOPLIST_KEY_UILaunchScreen_Generation = YES;
				INFOPLIST_KEY_UISupportedInterfaceOrientations = UIInterfaceOrientationPortrait;
				INFOPLIST_KEY_UISupportedInterfaceOrientations_iPad = "UIInterfaceOrientationLandscapeLeft UIInterfaceOrientationLandscapeRight UIInterfaceOrientationPortrait UIInterfaceOrientationPortraitUpsideDown";
				LD_RUNPATH_SEARCH_PATHS = (
					"$(inherited)",
					"@executable_path/Frameworks",
				);
				MARKETING_VERSION = 1.0;
				PRODUCT_BUNDLE_IDENTIFIER = "com.mijick.PopupView-Example";
				PRODUCT_NAME = "$(TARGET_NAME)";
				SUPPORTED_PLATFORMS = "iphoneos iphonesimulator";
				SUPPORTS_MACCATALYST = NO;
				SUPPORTS_MAC_DESIGNED_FOR_IPHONE_IPAD = NO;
				SWIFT_EMIT_LOC_STRINGS = YES;
				SWIFT_VERSION = 5.0;
				TARGETED_DEVICE_FAMILY = 1;
			};
			name = Release;
		};
/* End XCBuildConfiguration section */

/* Begin XCConfigurationList section */
		6DC0834329ACA33E0031481C /* Build configuration list for PBXProject "PopupView-Example" */ = {
			isa = XCConfigurationList;
			buildConfigurations = (
				6DC0835429ACA3400031481C /* Debug */,
				6DC0835529ACA3400031481C /* Release */,
			);
			defaultConfigurationIsVisible = 0;
			defaultConfigurationName = Release;
		};
		6DC0835629ACA3400031481C /* Build configuration list for PBXNativeTarget "PopupView-Example" */ = {
			isa = XCConfigurationList;
			buildConfigurations = (
				6DC0835729ACA3400031481C /* Debug */,
				6DC0835829ACA3400031481C /* Release */,
			);
			defaultConfigurationIsVisible = 0;
			defaultConfigurationName = Release;
		};
/* End XCConfigurationList section */

/* Begin XCRemoteSwiftPackageReference section */
		6DC0835929ACA35F0031481C /* XCRemoteSwiftPackageReference "PopupView" */ = {
			isa = XCRemoteSwiftPackageReference;
			repositoryURL = "https://github.com/Mijick/PopupView";
			requirement = {
				branch = main;
				kind = branch;
			};
		};
/* End XCRemoteSwiftPackageReference section */

/* Begin XCSwiftPackageProductDependency section */
		6DC0835A29ACA35F0031481C /* PopupView */ = {
			isa = XCSwiftPackageProductDependency;
			package = 6DC0835929ACA35F0031481C /* XCRemoteSwiftPackageReference "PopupView" */;
			productName = PopupView;
		};
/* End XCSwiftPackageProductDependency section */
	};
	rootObject = 6DC0834029ACA33E0031481C /* Project object */;
}
